
Microsoft Visual Studio Solution File, Format Version 12.00
# Visual Studio Version 17
VisualStudioVersion = 17.5.002.0
MinimumVisualStudioVersion = 10.0.40219.1
Project("{2150E333-8FDC-42A3-9474-1A3956D46DE8}") = "csharp-prep", "csharp-prep", "{27A2EA05-7129-492D-AFE5-9859E21BDACA}"
EndProject
Project("{9A19103F-16F7-4668-BE54-9A1E7A4F7556}") = "Prep1", "csharp-prep\Prep1\Prep1.csproj", "{2072A90C-1859-43D7-AB4F-0F562D330B3B}"
EndProject
Project("{9A19103F-16F7-4668-BE54-9A1E7A4F7556}") = "Prep2", "csharp-prep\Prep2\Prep2.csproj", "{5B85577E-4A96-423A-9139-7CB7C3DE9031}"
EndProject
Project("{9A19103F-16F7-4668-BE54-9A1E7A4F7556}") = "Prep3", "csharp-prep\Prep3\Prep3.csproj", "{E7B0DFA6-2C99-48BF-85CE-B55F947B1426}"
EndProject
Project("{9A19103F-16F7-4668-BE54-9A1E7A4F7556}") = "Prep4", "csharp-prep\Prep4\Prep4.csproj", "{83155D38-F063-4923-9D7D-754C7E22BCE3}"
EndProject
Project("{9A19103F-16F7-4668-BE54-9A1E7A4F7556}") = "Prep5", "csharp-prep\Prep5\Prep5.csproj", "{C1DBE61C-6FD7-4A2E-B373-C5C93988A17A}"
EndProject
Project("{2150E333-8FDC-42A3-9474-1A3956D46DE8}") = "final", "final", "{D52C10E2-EAA8-4FEF-AD00-6128FF3AC6B0}"
EndProject
Project("{9A19103F-16F7-4668-BE54-9A1E7A4F7556}") = "FinalProject", "final\FinalProject\FinalProject.csproj", "{9238E4B0-3CB4-4BEE-9CB1-EA17151BA32D}"
EndProject
Project("{9A19103F-16F7-4668-BE54-9A1E7A4F7556}") = "Foundation1", "final\Foundation1\Foundation1.csproj", "{8B99FF7A-AD41-43B8-9AF2-D36848210CAA}"
EndProject
Project("{9A19103F-16F7-4668-BE54-9A1E7A4F7556}") = "Foundation2", "final\Foundation2\Foundation2.csproj", "{E5AA3498-0FFC-4CE1-9339-302D9F89D8FD}"
EndProject
Project("{9A19103F-16F7-4668-BE54-9A1E7A4F7556}") = "Foundation3", "final\Foundation3\Foundation3.csproj", "{3692BA3A-C826-473A-899A-9F0F3E0FBDF8}"
EndProject
Project("{9A19103F-16F7-4668-BE54-9A1E7A4F7556}") = "Foundation4", "final\Foundation4\Foundation4.csproj", "{CE47801A-DB70-41A9-9142-D29910DB28C5}"
EndProject
Project("{2150E333-8FDC-42A3-9474-1A3956D46DE8}") = "prepare", "prepare", "{397BEA97-7FB6-45B5-9ECA-D4544367D0E4}"
EndProject
Project("{9A19103F-16F7-4668-BE54-9A1E7A4F7556}") = "Learning02", "prepare\Learning02\Learning02.csproj", "{AD06B2C0-1316-40BE-8C43-95DA1D1EAC51}"
EndProject
Project("{9A19103F-16F7-4668-BE54-9A1E7A4F7556}") = "Learning03", "prepare\Learning03\Learning03.csproj", "{30D7BC05-78B1-4360-8A59-0BE0A7C372B9}"
EndProject
Project("{9A19103F-16F7-4668-BE54-9A1E7A4F7556}") = "Learning04", "prepare\Learning04\Learning04.csproj", "{76D825FE-A741-4792-BC54-19EBCD930786}"
EndProject
Project("{9A19103F-16F7-4668-BE54-9A1E7A4F7556}") = "Learning05", "prepare\Learning05\Learning05.csproj", "{D62BFC36-843D-4B63-8418-B1B892865123}"
EndProject
Project("{2150E333-8FDC-42A3-9474-1A3956D46DE8}") = "prove", "prove", "{04923DEC-DB57-4086-98BD-DFE649CE0C46}"
EndProject
Project("{9A19103F-16F7-4668-BE54-9A1E7A4F7556}") = "Develop02", "prove\Develop02\Develop02.csproj", "{8955C9B8-EC97-4942-8B5B-4841110A7794}"
EndProject
Project("{9A19103F-16F7-4668-BE54-9A1E7A4F7556}") = "Develop03", "prove\Develop03\Develop03.csproj", "{B2D07964-D100-4B26-92B8-7EF543050F4D}"
EndProject
Project("{9A19103F-16F7-4668-BE54-9A1E7A4F7556}") = "Develop04", "prove\Develop04\Develop04.csproj", "{7A31FA2A-A3D8-4CED-9929-D0695383DFCD}"
EndProject
Project("{9A19103F-16F7-4668-BE54-9A1E7A4F7556}") = "Develop05", "prove\Develop05\Develop05.csproj", "{0108B4CD-4DE4-4CA7-A580-FC425BBD7465}"
EndProject
Project("{2150E333-8FDC-42A3-9474-1A3956D46DE8}") = "sandbox", "sandbox", "{1FDE6C7A-484C-4611-A926-E9173B03F2DF}"
EndProject
Project("{9A19103F-16F7-4668-BE54-9A1E7A4F7556}") = "Sandbox", "sandbox\Sandbox\Sandbox.csproj", "{C899A86E-88BA-4A33-8647-55277E6E927F}"
EndProject
Global
	GlobalSection(SolutionConfigurationPlatforms) = preSolution
		Debug|Any CPU = Debug|Any CPU
		Release|Any CPU = Release|Any CPU
	EndGlobalSection
	GlobalSection(ProjectConfigurationPlatforms) = postSolution
		{2072A90C-1859-43D7-AB4F-0F562D330B3B}.Debug|Any CPU.ActiveCfg = Debug|Any CPU
		{2072A90C-1859-43D7-AB4F-0F562D330B3B}.Debug|Any CPU.Build.0 = Debug|Any CPU
		{2072A90C-1859-43D7-AB4F-0F562D330B3B}.Release|Any CPU.ActiveCfg = Release|Any CPU
		{2072A90C-1859-43D7-AB4F-0F562D330B3B}.Release|Any CPU.Build.0 = Release|Any CPU
		{5B85577E-4A96-423A-9139-7CB7C3DE9031}.Debug|Any CPU.ActiveCfg = Debug|Any CPU
		{5B85577E-4A96-423A-9139-7CB7C3DE9031}.Debug|Any CPU.Build.0 = Debug|Any CPU
		{5B85577E-4A96-423A-9139-7CB7C3DE9031}.Release|Any CPU.ActiveCfg = Release|Any CPU
		{5B85577E-4A96-423A-9139-7CB7C3DE9031}.Release|Any CPU.Build.0 = Release|Any CPU
		{E7B0DFA6-2C99-48BF-85CE-B55F947B1426}.Debug|Any CPU.ActiveCfg = Debug|Any CPU
		{E7B0DFA6-2C99-48BF-85CE-B55F947B1426}.Debug|Any CPU.Build.0 = Debug|Any CPU
		{E7B0DFA6-2C99-48BF-85CE-B55F947B1426}.Release|Any CPU.ActiveCfg = Release|Any CPU
		{E7B0DFA6-2C99-48BF-85CE-B55F947B1426}.Release|Any CPU.Build.0 = Release|Any CPU
		{83155D38-F063-4923-9D7D-754C7E22BCE3}.Debug|Any CPU.ActiveCfg = Debug|Any CPU
		{83155D38-F063-4923-9D7D-754C7E22BCE3}.Debug|Any CPU.Build.0 = Debug|Any CPU
		{83155D38-F063-4923-9D7D-754C7E22BCE3}.Release|Any CPU.ActiveCfg = Release|Any CPU
		{83155D38-F063-4923-9D7D-754C7E22BCE3}.Release|Any CPU.Build.0 = Release|Any CPU
		{C1DBE61C-6FD7-4A2E-B373-C5C93988A17A}.Debug|Any CPU.ActiveCfg = Debug|Any CPU
		{C1DBE61C-6FD7-4A2E-B373-C5C93988A17A}.Debug|Any CPU.Build.0 = Debug|Any CPU
		{C1DBE61C-6FD7-4A2E-B373-C5C93988A17A}.Release|Any CPU.ActiveCfg = Release|Any CPU
		{C1DBE61C-6FD7-4A2E-B373-C5C93988A17A}.Release|Any CPU.Build.0 = Release|Any CPU
		{9238E4B0-3CB4-4BEE-9CB1-EA17151BA32D}.Debug|Any CPU.ActiveCfg = Debug|Any CPU
		{9238E4B0-3CB4-4BEE-9CB1-EA17151BA32D}.Debug|Any CPU.Build.0 = Debug|Any CPU
		{9238E4B0-3CB4-4BEE-9CB1-EA17151BA32D}.Release|Any CPU.ActiveCfg = Release|Any CPU
		{9238E4B0-3CB4-4BEE-9CB1-EA17151BA32D}.Release|Any CPU.Build.0 = Release|Any CPU
		{8B99FF7A-AD41-43B8-9AF2-D36848210CAA}.Debug|Any CPU.ActiveCfg = Debug|Any CPU
		{8B99FF7A-AD41-43B8-9AF2-D36848210CAA}.Debug|Any CPU.Build.0 = Debug|Any CPU
		{8B99FF7A-AD41-43B8-9AF2-D36848210CAA}.Release|Any CPU.ActiveCfg = Release|Any CPU
		{8B99FF7A-AD41-43B8-9AF2-D36848210CAA}.Release|Any CPU.Build.0 = Release|Any CPU
		{E5AA3498-0FFC-4CE1-9339-302D9F89D8FD}.Debug|Any CPU.ActiveCfg = Debug|Any CPU
		{E5AA3498-0FFC-4CE1-9339-302D9F89D8FD}.Debug|Any CPU.Build.0 = Debug|Any CPU
		{E5AA3498-0FFC-4CE1-9339-302D9F89D8FD}.Release|Any CPU.ActiveCfg = Release|Any CPU
		{E5AA3498-0FFC-4CE1-9339-302D9F89D8FD}.Release|Any CPU.Build.0 = Release|Any CPU
		{3692BA3A-C826-473A-899A-9F0F3E0FBDF8}.Debug|Any CPU.ActiveCfg = Debug|Any CPU
		{3692BA3A-C826-473A-899A-9F0F3E0FBDF8}.Debug|Any CPU.Build.0 = Debug|Any CPU
		{3692BA3A-C826-473A-899A-9F0F3E0FBDF8}.Release|Any CPU.ActiveCfg = Release|Any CPU
		{3692BA3A-C826-473A-899A-9F0F3E0FBDF8}.Release|Any CPU.Build.0 = Release|Any CPU
		{CE47801A-DB70-41A9-9142-D29910DB28C5}.Debug|Any CPU.ActiveCfg = Debug|Any CPU
		{CE47801A-DB70-41A9-9142-D29910DB28C5}.Debug|Any CPU.Build.0 = Debug|Any CPU
		{CE47801A-DB70-41A9-9142-D29910DB28C5}.Release|Any CPU.ActiveCfg = Release|Any CPU
		{CE47801A-DB70-41A9-9142-D29910DB28C5}.Release|Any CPU.Build.0 = Release|Any CPU
		{AD06B2C0-1316-40BE-8C43-95DA1D1EAC51}.Debug|Any CPU.ActiveCfg = Debug|Any CPU
		{AD06B2C0-1316-40BE-8C43-95DA1D1EAC51}.Debug|Any CPU.Build.0 = Debug|Any CPU
		{AD06B2C0-1316-40BE-8C43-95DA1D1EAC51}.Release|Any CPU.ActiveCfg = Release|Any CPU
		{AD06B2C0-1316-40BE-8C43-95DA1D1EAC51}.Release|Any CPU.Build.0 = Release|Any CPU
		{30D7BC05-78B1-4360-8A59-0BE0A7C372B9}.Debug|Any CPU.ActiveCfg = Debug|Any CPU
		{30D7BC05-78B1-4360-8A59-0BE0A7C372B9}.Debug|Any CPU.Build.0 = Debug|Any CPU
		{30D7BC05-78B1-4360-8A59-0BE0A7C372B9}.Release|Any CPU.ActiveCfg = Release|Any CPU
		{30D7BC05-78B1-4360-8A59-0BE0A7C372B9}.Release|Any CPU.Build.0 = Release|Any CPU
		{76D825FE-A741-4792-BC54-19EBCD930786}.Debug|Any CPU.ActiveCfg = Debug|Any CPU
		{76D825FE-A741-4792-BC54-19EBCD930786}.Debug|Any CPU.Build.0 = Debug|Any CPU
		{76D825FE-A741-4792-BC54-19EBCD930786}.Release|Any CPU.ActiveCfg = Release|Any CPU
		{76D825FE-A741-4792-BC54-19EBCD930786}.Release|Any CPU.Build.0 = Release|Any CPU
		{D62BFC36-843D-4B63-8418-B1B892865123}.Debug|Any CPU.ActiveCfg = Debug|Any CPU
		{D62BFC36-843D-4B63-8418-B1B892865123}.Debug|Any CPU.Build.0 = Debug|Any CPU
		{D62BFC36-843D-4B63-8418-B1B892865123}.Release|Any CPU.ActiveCfg = Release|Any CPU
		{D62BFC36-843D-4B63-8418-B1B892865123}.Release|Any CPU.Build.0 = Release|Any CPU
		{8955C9B8-EC97-4942-8B5B-4841110A7794}.Debug|Any CPU.ActiveCfg = Debug|Any CPU
		{8955C9B8-EC97-4942-8B5B-4841110A7794}.Debug|Any CPU.Build.0 = Debug|Any CPU
		{8955C9B8-EC97-4942-8B5B-4841110A7794}.Release|Any CPU.ActiveCfg = Release|Any CPU
		{8955C9B8-EC97-4942-8B5B-4841110A7794}.Release|Any CPU.Build.0 = Release|Any CPU
		{B2D07964-D100-4B26-92B8-7EF543050F4D}.Debug|Any CPU.ActiveCfg = Debug|Any CPU
		{B2D07964-D100-4B26-92B8-7EF543050F4D}.Debug|Any CPU.Build.0 = Debug|Any CPU
		{B2D07964-D100-4B26-92B8-7EF543050F4D}.Release|Any CPU.ActiveCfg = Release|Any CPU
		{B2D07964-D100-4B26-92B8-7EF543050F4D}.Release|Any CPU.Build.0 = Release|Any CPU
		{7A31FA2A-A3D8-4CED-9929-D0695383DFCD}.Debug|Any CPU.ActiveCfg = Debug|Any CPU
		{7A31FA2A-A3D8-4CED-9929-D0695383DFCD}.Debug|Any CPU.Build.0 = Debug|Any CPU
		{7A31FA2A-A3D8-4CED-9929-D0695383DFCD}.Release|Any CPU.ActiveCfg = Release|Any CPU
		{7A31FA2A-A3D8-4CED-9929-D0695383DFCD}.Release|Any CPU.Build.0 = Release|Any CPU
		{0108B4CD-4DE4-4CA7-A580-FC425BBD7465}.Debug|Any CPU.ActiveCfg = Debug|Any CPU
		{0108B4CD-4DE4-4CA7-A580-FC425BBD7465}.Debug|Any CPU.Build.0 = Debug|Any CPU
		{0108B4CD-4DE4-4CA7-A580-FC425BBD7465}.Release|Any CPU.ActiveCfg = Release|Any CPU
		{0108B4CD-4DE4-4CA7-A580-FC425BBD7465}.Release|Any CPU.Build.0 = Release|Any CPU
		{C899A86E-88BA-4A33-8647-55277E6E927F}.Debug|Any CPU.ActiveCfg = Debug|Any CPU
		{C899A86E-88BA-4A33-8647-55277E6E927F}.Debug|Any CPU.Build.0 = Debug|Any CPU
		{C899A86E-88BA-4A33-8647-55277E6E927F}.Release|Any CPU.ActiveCfg = Release|Any CPU
		{C899A86E-88BA-4A33-8647-55277E6E927F}.Release|Any CPU.Build.0 = Release|Any CPU
	EndGlobalSection
	GlobalSection(SolutionProperties) = preSolution
		HideSolutionNode = FALSE
	EndGlobalSection
	GlobalSection(NestedProjects) = preSolution
		{2072A90C-1859-43D7-AB4F-0F562D330B3B} = {27A2EA05-7129-492D-AFE5-9859E21BDACA}
		{5B85577E-4A96-423A-9139-7CB7C3DE9031} = {27A2EA05-7129-492D-AFE5-9859E21BDACA}
		{E7B0DFA6-2C99-48BF-85CE-B55F947B1426} = {27A2EA05-7129-492D-AFE5-9859E21BDACA}
		{83155D38-F063-4923-9D7D-754C7E22BCE3} = {27A2EA05-7129-492D-AFE5-9859E21BDACA}
		{C1DBE61C-6FD7-4A2E-B373-C5C93988A17A} = {27A2EA05-7129-492D-AFE5-9859E21BDACA}
		{9238E4B0-3CB4-4BEE-9CB1-EA17151BA32D} = {D52C10E2-EAA8-4FEF-AD00-6128FF3AC6B0}
		{8B99FF7A-AD41-43B8-9AF2-D36848210CAA} = {D52C10E2-EAA8-4FEF-AD00-6128FF3AC6B0}
		{E5AA3498-0FFC-4CE1-9339-302D9F89D8FD} = {D52C10E2-EAA8-4FEF-AD00-6128FF3AC6B0}
		{3692BA3A-C826-473A-899A-9F0F3E0FBDF8} = {D52C10E2-EAA8-4FEF-AD00-6128FF3AC6B0}
		{CE47801A-DB70-41A9-9142-D29910DB28C5} = {D52C10E2-EAA8-4FEF-AD00-6128FF3AC6B0}
		{AD06B2C0-1316-40BE-8C43-95DA1D1EAC51} = {397BEA97-7FB6-45B5-9ECA-D4544367D0E4}
		{30D7BC05-78B1-4360-8A59-0BE0A7C372B9} = {397BEA97-7FB6-45B5-9ECA-D4544367D0E4}
		{76D825FE-A741-4792-BC54-19EBCD930786} = {397BEA97-7FB6-45B5-9ECA-D4544367D0E4}
		{D62BFC36-843D-4B63-8418-B1B892865123} = {397BEA97-7FB6-45B5-9ECA-D4544367D0E4}
		{8955C9B8-EC97-4942-8B5B-4841110A7794} = {04923DEC-DB57-4086-98BD-DFE649CE0C46}
		{B2D07964-D100-4B26-92B8-7EF543050F4D} = {04923DEC-DB57-4086-98BD-DFE649CE0C46}
		{7A31FA2A-A3D8-4CED-9929-D0695383DFCD} = {04923DEC-DB57-4086-98BD-DFE649CE0C46}
		{0108B4CD-4DE4-4CA7-A580-FC425BBD7465} = {04923DEC-DB57-4086-98BD-DFE649CE0C46}
		{C899A86E-88BA-4A33-8647-55277E6E927F} = {1FDE6C7A-484C-4611-A926-E9173B03F2DF}
	EndGlobalSection
	GlobalSection(ExtensibilityGlobals) = postSolution
		SolutionGuid = {A8C7283E-C850-4021-9D26-D6D1BA65D6F7}
	EndGlobalSection
EndGlobal
